// !$*UTF8*$!
{
	archiveVersion = 1;
	classes = {
	};
	objectVersion = 56;
	objects = {

/* Begin PBXBuildFile section */
		1482E3F72AA3CFFF00F2DF5A /* AppDelegate.m in Sources */ = {isa = PBXBuildFile; fileRef = 1482E3F62AA3CFFF00F2DF5A /* AppDelegate.m */; };
		1482E3F92AA3D00100F2DF5A /* Assets.xcassets in Resources */ = {isa = PBXBuildFile; fileRef = 1482E3F82AA3D00100F2DF5A /* Assets.xcassets */; };
		1482E3FC2AA3D00100F2DF5A /* MainMenu.xib in Resources */ = {isa = PBXBuildFile; fileRef = 1482E3FA2AA3D00100F2DF5A /* MainMenu.xib */; };
		1482E3FE2AA3D00100F2DF5A /* main.m in Sources */ = {isa = PBXBuildFile; fileRef = 1482E3FD2AA3D00100F2DF5A /* main.m */; };
		1482E4072AA3ED3800F2DF5A /* ImportsController.m in Sources */ = {isa = PBXBuildFile; fileRef = 1482E4062AA3ED3800F2DF5A /* ImportsController.m */; };
		1482E40A2AA3ED5100F2DF5A /* ExportsController.m in Sources */ = {isa = PBXBuildFile; fileRef = 1482E4092AA3ED5100F2DF5A /* ExportsController.m */; };
		1482E40D2AA6CD0300F2DF5A /* NFSImportParameters.m in Sources */ = {isa = PBXBuildFile; fileRef = 1482E40C2AA6CD0300F2DF5A /* NFSImportParameters.m */; };
/* End PBXBuildFile section */

/* Begin PBXFileReference section */
		1482E3F22AA3CFFF00F2DF5A /* NFSManager.app */ = {isa = PBXFileReference; explicitFileType = wrapper.application; includeInIndex = 0; path = NFSManager.app; sourceTree = BUILT_PRODUCTS_DIR; };
		1482E3F52AA3CFFF00F2DF5A /* AppDelegate.h */ = {isa = PBXFileReference; lastKnownFileType = sourcecode.c.h; path = AppDelegate.h; sourceTree = "<group>"; };
		1482E3F62AA3CFFF00F2DF5A /* AppDelegate.m */ = {isa = PBXFileReference; lastKnownFileType = sourcecode.c.objc; path = AppDelegate.m; sourceTree = "<group>"; };
		1482E3F82AA3D00100F2DF5A /* Assets.xcassets */ = {isa = PBXFileReference; lastKnownFileType = folder.assetcatalog; path = Assets.xcassets; sourceTree = "<group>"; };
		1482E3FB2AA3D00100F2DF5A /* Base */ = {isa = PBXFileReference; lastKnownFileType = file.xib; name = Base; path = Base.lproj/MainMenu.xib; sourceTree = "<group>"; };
		1482E3FD2AA3D00100F2DF5A /* main.m */ = {isa = PBXFileReference; lastKnownFileType = sourcecode.c.objc; path = main.m; sourceTree = "<group>"; };
		1482E3FF2AA3D00100F2DF5A /* NFSManager.entitlements */ = {isa = PBXFileReference; lastKnownFileType = text.plist.entitlements; path = NFSManager.entitlements; sourceTree = "<group>"; };
		1482E4052AA3ED3800F2DF5A /* ImportsController.h */ = {isa = PBXFileReference; lastKnownFileType = sourcecode.c.h; path = ImportsController.h; sourceTree = "<group>"; };
		1482E4062AA3ED3800F2DF5A /* ImportsController.m */ = {isa = PBXFileReference; lastKnownFileType = sourcecode.c.objc; path = ImportsController.m; sourceTree = "<group>"; };
		1482E4082AA3ED5100F2DF5A /* ExportsController.h */ = {isa = PBXFileReference; lastKnownFileType = sourcecode.c.h; path = ExportsController.h; sourceTree = "<group>"; };
		1482E4092AA3ED5100F2DF5A /* ExportsController.m */ = {isa = PBXFileReference; lastKnownFileType = sourcecode.c.objc; path = ExportsController.m; sourceTree = "<group>"; };
		1482E40B2AA6CD0300F2DF5A /* NFSImportParameters.h */ = {isa = PBXFileReference; lastKnownFileType = sourcecode.c.h; path = NFSImportParameters.h; sourceTree = "<group>"; };
		1482E40C2AA6CD0300F2DF5A /* NFSImportParameters.m */ = {isa = PBXFileReference; lastKnownFileType = sourcecode.c.objc; path = NFSImportParameters.m; sourceTree = "<group>"; };
/* End PBXFileReference section */

/* Begin PBXFrameworksBuildPhase section */
		1482E3EF2AA3CFFF00F2DF5A /* Frameworks */ = {
			isa = PBXFrameworksBuildPhase;
			buildActionMask = 2147483647;
			files = (
			);
			runOnlyForDeploymentPostprocessing = 0;
		};
/* End PBXFrameworksBuildPhase section */

/* Begin PBXGroup section */
		1482E3E92AA3CFFF00F2DF5A = {
			isa = PBXGroup;
			children = (
				1482E3F42AA3CFFF00F2DF5A /* NFSManager */,
				1482E3F32AA3CFFF00F2DF5A /* Products */,
			);
			sourceTree = "<group>";
		};
		1482E3F32AA3CFFF00F2DF5A /* Products */ = {
			isa = PBXGroup;
			children = (
				1482E3F22AA3CFFF00F2DF5A /* NFSManager.app */,
			);
			name = Products;
			sourceTree = "<group>";
		};
		1482E3F42AA3CFFF00F2DF5A /* NFSManager */ = {
			isa = PBXGroup;
			children = (
				1482E3F52AA3CFFF00F2DF5A /* AppDelegate.h */,
				1482E3F62AA3CFFF00F2DF5A /* AppDelegate.m */,
				1482E3F82AA3D00100F2DF5A /* Assets.xcassets */,
				1482E3FA2AA3D00100F2DF5A /* MainMenu.xib */,
				1482E3FD2AA3D00100F2DF5A /* main.m */,
				1482E3FF2AA3D00100F2DF5A /* NFSManager.entitlements */,
				1482E4052AA3ED3800F2DF5A /* ImportsController.h */,
				1482E4062AA3ED3800F2DF5A /* ImportsController.m */,
				1482E4082AA3ED5100F2DF5A /* ExportsController.h */,
				1482E4092AA3ED5100F2DF5A /* ExportsController.m */,
				1482E40B2AA6CD0300F2DF5A /* NFSImportParameters.h */,
				1482E40C2AA6CD0300F2DF5A /* NFSImportParameters.m */,
			);
			path = NFSManager;
			sourceTree = "<group>";
		};
/* End PBXGroup section */

/* Begin PBXNativeTarget section */
		1482E3F12AA3CFFF00F2DF5A /* NFSManager */ = {
			isa = PBXNativeTarget;
			buildConfigurationList = 1482E4022AA3D00100F2DF5A /* Build configuration list for PBXNativeTarget "NFSManager" */;
			buildPhases = (
				1482E3EE2AA3CFFF00F2DF5A /* Sources */,
				1482E3EF2AA3CFFF00F2DF5A /* Frameworks */,
				1482E3F02AA3CFFF00F2DF5A /* Resources */,
			);
			buildRules = (
			);
			dependencies = (
			);
			name = NFSManager;
			productName = NFSManager;
			productReference = 1482E3F22AA3CFFF00F2DF5A /* NFSManager.app */;
			productType = "com.apple.product-type.application";
		};
/* End PBXNativeTarget section */

/* Begin PBXProject section */
		1482E3EA2AA3CFFF00F2DF5A /* Project object */ = {
			isa = PBXProject;
			attributes = {
				BuildIndependentTargetsInParallel = 1;
				LastUpgradeCheck = 1430;
				TargetAttributes = {
					1482E3F12AA3CFFF00F2DF5A = {
						CreatedOnToolsVersion = 14.3.1;
					};
				};
			};
			buildConfigurationList = 1482E3ED2AA3CFFF00F2DF5A /* Build configuration list for PBXProject "NFSManager" */;
			compatibilityVersion = "Xcode 14.0";
			developmentRegion = en;
			hasScannedForEncodings = 0;
			knownRegions = (
				en,
				Base,
			);
			mainGroup = 1482E3E92AA3CFFF00F2DF5A;
			productRefGroup = 1482E3F32AA3CFFF00F2DF5A /* Products */;
			projectDirPath = "";
			projectRoot = "";
			targets = (
				1482E3F12AA3CFFF00F2DF5A /* NFSManager */,
			);
		};
/* End PBXProject section */

/* Begin PBXResourcesBuildPhase section */
		1482E3F02AA3CFFF00F2DF5A /* Resources */ = {
			isa = PBXResourcesBuildPhase;
			buildActionMask = 2147483647;
			files = (
				1482E3F92AA3D00100F2DF5A /* Assets.xcassets in Resources */,
				1482E3FC2AA3D00100F2DF5A /* MainMenu.xib in Resources */,
			);
			runOnlyForDeploymentPostprocessing = 0;
		};
/* End PBXResourcesBuildPhase section */

/* Begin PBXSourcesBuildPhase section */
		1482E3EE2AA3CFFF00F2DF5A /* Sources */ = {
			isa = PBXSourcesBuildPhase;
			buildActionMask = 2147483647;
			files = (
				1482E3FE2AA3D00100F2DF5A /* main.m in Sources */,
				1482E40D2AA6CD0300F2DF5A /* NFSImportParameters.m in Sources */,
				1482E3F72AA3CFFF00F2DF5A /* AppDelegate.m in Sources */,
				1482E4072AA3ED3800F2DF5A /* ImportsController.m in Sources */,
				1482E40A2AA3ED5100F2DF5A /* ExportsController.m in Sources */,
			);
			runOnlyForDeploymentPostprocessing = 0;
		};
/* End PBXSourcesBuildPhase section */

/* Begin PBXVariantGroup section */
		1482E3FA2AA3D00100F2DF5A /* MainMenu.xib */ = {
			isa = PBXVariantGroup;
			children = (
				1482E3FB2AA3D00100F2DF5A /* Base */,
			);
			name = MainMenu.xib;
			sourceTree = "<group>";
		};
/* End PBXVariantGroup section */

/* Begin XCBuildConfiguration section */
		1482E4002AA3D00100F2DF5A /* Debug */ = {
			isa = XCBuildConfiguration;
			buildSettings = {
				ALWAYS_SEARCH_USER_PATHS = NO;
				CLANG_ANALYZER_NONNULL = YES;
				CLANG_ANALYZER_NUMBER_OBJECT_CONVERSION = YES_AGGRESSIVE;
				CLANG_CXX_LANGUAGE_STANDARD = "gnu++20";
				CLANG_ENABLE_MODULES = YES;
				CLANG_ENABLE_OBJC_ARC = YES;
				CLANG_ENABLE_OBJC_WEAK = YES;
				CLANG_WARN_BLOCK_CAPTURE_AUTORELEASING = YES;
				CLANG_WARN_BOOL_CONVERSION = YES;
				CLANG_WARN_COMMA = YES;
				CLANG_WARN_CONSTANT_CONVERSION = YES;
				CLANG_WARN_DEPRECATED_OBJC_IMPLEMENTATIONS = YES;
				CLANG_WARN_DIRECT_OBJC_ISA_USAGE = YES_ERROR;
				CLANG_WARN_DOCUMENTATION_COMMENTS = YES;
				CLANG_WARN_EMPTY_BODY = YES;
				CLANG_WARN_ENUM_CONVERSION = YES;
				CLANG_WARN_INFINITE_RECURSION = YES;
				CLANG_WARN_INT_CONVERSION = YES;
				CLANG_WARN_NON_LITERAL_NULL_CONVERSION = YES;
				CLANG_WARN_OBJC_IMPLICIT_RETAIN_SELF = YES;
				CLANG_WARN_OBJC_LITERAL_CONVERSION = YES;
				CLANG_WARN_OBJC_ROOT_CLASS = YES_ERROR;
				CLANG_WARN_QUOTED_INCLUDE_IN_FRAMEWORK_HEADER = YES;
				CLANG_WARN_RANGE_LOOP_ANALYSIS = YES;
				CLANG_WARN_STRICT_PROTOTYPES = YES;
				CLANG_WARN_SUSPICIOUS_MOVE = YES;
				CLANG_WARN_UNGUARDED_AVAILABILITY = YES_AGGRESSIVE;
				CLANG_WARN_UNREACHABLE_CODE = YES;
				CLANG_WARN__DUPLICATE_METHOD_MATCH = YES;
				COPY_PHASE_STRIP = NO;
				DEBUG_INFORMATION_FORMAT = dwarf;
				ENABLE_STRICT_OBJC_MSGSEND = YES;
				ENABLE_TESTABILITY = YES;
				GCC_C_LANGUAGE_STANDARD = gnu11;
				GCC_DYNAMIC_NO_PIC = NO;
				GCC_NO_COMMON_BLOCKS = YES;
				GCC_OPTIMIZATION_LEVEL = 0;
				GCC_PREPROCESSOR_DEFINITIONS = (
					"DEBUG=1",
					"$(inherited)",
				);
				GCC_WARN_64_TO_32_BIT_CONVERSION = YES;
				GCC_WARN_ABOUT_RETURN_TYPE = YES_ERROR;
				GCC_WARN_UNDECLARED_SELECTOR = YES;
				GCC_WARN_UNINITIALIZED_AUTOS = YES_AGGRESSIVE;
				GCC_WARN_UNUSED_FUNCTION = YES;
				GCC_WARN_UNUSED_VARIABLE = YES;
				MACOSX_DEPLOYMENT_TARGET = 13.3;
				MTL_ENABLE_DEBUG_INFO = INCLUDE_SOURCE;
				MTL_FAST_MATH = YES;
				ONLY_ACTIVE_ARCH = YES;
				SDKROOT = macosx;
			};
			name = Debug;
		};
		1482E4012AA3D00100F2DF5A /* Release */ = {
			isa = XCBuildConfiguration;
			buildSettings = {
				ALWAYS_SEARCH_USER_PATHS = NO;
				CLANG_ANALYZER_NONNULL = YES;
				CLANG_ANALYZER_NUMBER_OBJECT_CONVERSION = YES_AGGRESSIVE;
				CLANG_CXX_LANGUAGE_STANDARD = "gnu++20";
				CLANG_ENABLE_MODULES = YES;
				CLANG_ENABLE_OBJC_ARC = YES;
				CLANG_ENABLE_OBJC_WEAK = YES;
				CLANG_WARN_BLOCK_CAPTURE_AUTORELEASING = YES;
				CLANG_WARN_BOOL_CONVERSION = YES;
				CLANG_WARN_COMMA = YES;
				CLANG_WARN_CONSTANT_CONVERSION = YES;
				CLANG_WARN_DEPRECATED_OBJC_IMPLEMENTATIONS = YES;
				CLANG_WARN_DIRECT_OBJC_ISA_USAGE = YES_ERROR;
				CLANG_WARN_DOCUMENTATION_COMMENTS = YES;
				CLANG_WARN_EMPTY_BODY = YES;
				CLANG_WARN_ENUM_CONVERSION = YES;
				CLANG_WARN_INFINITE_RECURSION = YES;
				CLANG_WARN_INT_CONVERSION = YES;
				CLANG_WARN_NON_LITERAL_NULL_CONVERSION = YES;
				CLANG_WARN_OBJC_IMPLICIT_RETAIN_SELF = YES;
				CLANG_WARN_OBJC_LITERAL_CONVERSION = YES;
				CLANG_WARN_OBJC_ROOT_CLASS = YES_ERROR;
				CLANG_WARN_QUOTED_INCLUDE_IN_FRAMEWORK_HEADER = YES;
				CLANG_WARN_RANGE_LOOP_ANALYSIS = YES;
				CLANG_WARN_STRICT_PROTOTYPES = YES;
				CLANG_WARN_SUSPICIOUS_MOVE = YES;
				CLANG_WARN_UNGUARDED_AVAILABILITY = YES_AGGRESSIVE;
				CLANG_WARN_UNREACHABLE_CODE = YES;
				CLANG_WARN__DUPLICATE_METHOD_MATCH = YES;
				COPY_PHASE_STRIP = NO;
				DEBUG_INFORMATION_FORMAT = "dwarf-with-dsym";
				ENABLE_NS_ASSERTIONS = NO;
				ENABLE_STRICT_OBJC_MSGSEND = YES;
				GCC_C_LANGUAGE_STANDARD = gnu11;
				GCC_NO_COMMON_BLOCKS = YES;
				GCC_WARN_64_TO_32_BIT_CONVERSION = YES;
				GCC_WARN_ABOUT_RETURN_TYPE = YES_ERROR;
				GCC_WARN_UNDECLARED_SELECTOR = YES;
				GCC_WARN_UNINITIALIZED_AUTOS = YES_AGGRESSIVE;
				GCC_WARN_UNUSED_FUNCTION = YES;
				GCC_WARN_UNUSED_VARIABLE = YES;
				MACOSX_DEPLOYMENT_TARGET = 13.3;
				MTL_ENABLE_DEBUG_INFO = NO;
				MTL_FAST_MATH = YES;
				SDKROOT = macosx;
			};
			name = Release;
		};
		1482E4032AA3D00100F2DF5A /* Debug */ = {
			isa = XCBuildConfiguration;
			buildSettings = {
				ASSETCATALOG_COMPILER_APPICON_NAME = AppIcon;
				ASSETCATALOG_COMPILER_GLOBAL_ACCENT_COLOR_NAME = AccentColor;
				CODE_SIGN_ENTITLEMENTS = NFSManager/NFSManager.entitlements;
				"CODE_SIGN_IDENTITY[sdk=macosx*]" = "-";
				CODE_SIGN_STYLE = Automatic;
				COMBINE_HIDPI_IMAGES = YES;
				CURRENT_PROJECT_VERSION = 1;
				DEVELOPMENT_TEAM = 768T4SN737;
				ENABLE_HARDENED_RUNTIME = YES;
				GENERATE_INFOPLIST_FILE = YES;
				INFOPLIST_KEY_NSHumanReadableCopyright = "";
				INFOPLIST_KEY_NSMainNibFile = MainMenu;
				INFOPLIST_KEY_NSPrincipalClass = NSApplication;
				LD_RUNPATH_SEARCH_PATHS = (
					"$(inherited)",
					"@executable_path/../Frameworks",
				);
				MARKETING_VERSION = 1.0;
				PRODUCT_BUNDLE_IDENTIFIER = com.blacklotus.NFSManager;
				PRODUCT_NAME = "$(TARGET_NAME)";
				SWIFT_EMIT_LOC_STRINGS = YES;
			};
			name = Debug;
		};
		1482E4042AA3D00100F2DF5A /* Release */ = {
			isa = XCBuildConfiguration;
			buildSettings = {
				ASSETCATALOG_COMPILER_APPICON_NAME = AppIcon;
				ASSETCATALOG_COMPILER_GLOBAL_ACCENT_COLOR_NAME = AccentColor;
				CODE_SIGN_ENTITLEMENTS = NFSManager/NFSManager.entitlements;
				"CODE_SIGN_IDENTITY[sdk=macosx*]" = "-";
				CODE_SIGN_STYLE = Automatic;
				COMBINE_HIDPI_IMAGES = YES;
				CURRENT_PROJECT_VERSION = 1;
				DEVELOPMENT_TEAM = 768T4SN737;
				ENABLE_HARDENED_RUNTIME = YES;
				GENERATE_INFOPLIST_FILE = YES;
				INFOPLIST_KEY_NSHumanReadableCopyright = "";
				INFOPLIST_KEY_NSMainNibFile = MainMenu;
				INFOPLIST_KEY_NSPrincipalClass = NSApplication;
				LD_RUNPATH_SEARCH_PATHS = (
					"$(inherited)",
					"@executable_path/../Frameworks",
				);
				MARKETING_VERSION = 1.0;
				PRODUCT_BUNDLE_IDENTIFIER = com.blacklotus.NFSManager;
				PRODUCT_NAME = "$(TARGET_NAME)";
				SWIFT_EMIT_LOC_STRINGS = YES;
			};
			name = Release;
		};
/* End XCBuildConfiguration section */

/* Begin XCConfigurationList section */
		1482E3ED2AA3CFFF00F2DF5A /* Build configuration list for PBXProject "NFSManager" */ = {
			isa = XCConfigurationList;
			buildConfigurations = (
				1482E4002AA3D00100F2DF5A /* Debug */,
				1482E4012AA3D00100F2DF5A /* Release */,
			);
			defaultConfigurationIsVisible = 0;
			defaultConfigurationName = Release;
		};
		1482E4022AA3D00100F2DF5A /* Build configuration list for PBXNativeTarget "NFSManager" */ = {
			isa = XCConfigurationList;
			buildConfigurations = (
				1482E4032AA3D00100F2DF5A /* Debug */,
				1482E4042AA3D00100F2DF5A /* Release */,
			);
			defaultConfigurationIsVisible = 0;
			defaultConfigurationName = Release;
		};
/* End XCConfigurationList section */
	};
	rootObject = 1482E3EA2AA3CFFF00F2DF5A /* Project object */;
}
